
Microsoft Visual Studio Solution File, Format Version 12.00
# Visual Studio Version 17
VisualStudioVersion = 17.11.35327.3
MinimumVisualStudioVersion = 10.0.40219.1
Project("{9A19103F-16F7-4668-BE54-9A1E7A4F7556}") = "SistemaEscolarV1", "SistemaEscolar01\SistemaEscolarV1.csproj", "{35360E15-23B0-463F-AE88-BA4341E0B497}"
EndProject
Global
	GlobalSection(SolutionConfigurationPlatforms) = preSolution
		Debug|Any CPU = Debug|Any CPU
		Release|Any CPU = Release|Any CPU
	EndGlobalSection
	GlobalSection(ProjectConfigurationPlatforms) = postSolution
		{35360E15-23B0-463F-AE88-BA4341E0B497}.Debug|Any CPU.ActiveCfg = Debug|Any CPU
		{35360E15-23B0-463F-AE88-BA4341E0B497}.Debug|Any CPU.Build.0 = Debug|Any CPU
		{35360E15-23B0-463F-AE88-BA4341E0B497}.Release|Any CPU.ActiveCfg = Release|Any CPU
		{35360E15-23B0-463F-AE88-BA4341E0B497}.Release|Any CPU.Build.0 = Release|Any CPU
	EndGlobalSection
	GlobalSection(SolutionProperties) = preSolution
		HideSolutionNode = FALSE
	EndGlobalSection
	GlobalSection(ExtensibilityGlobals) = postSolution
		SolutionGuid = {5C8B210F-C551-4FAE-9F2F-B4730C179530}
	EndGlobalSection
EndGlobal
